
Microsoft Visual Studio Solution File, Format Version 12.00
# Visual Studio Version 17
VisualStudioVersion = 17.9.34701.34
MinimumVisualStudioVersion = 10.0.40219.1
Project("{9A19103F-16F7-4668-BE54-9A1E7A4F7556}") = "Client", "Client\Client.csproj", "{2BF6DDEE-F740-4F9F-85DD-623486BF1D10}"
EndProject
Project("{9A19103F-16F7-4668-BE54-9A1E7A4F7556}") = "Common", "Common\Common.csproj", "{444B93CD-546D-4E2A-B199-C831CAE4BD49}"
EndProject
Project("{9A19103F-16F7-4668-BE54-9A1E7A4F7556}") = "MainServer", "MainServer\MainServer.csproj", "{AB57118C-A4CB-45D1-8AA3-9309D6743F7F}"
EndProject
Project("{9A19103F-16F7-4668-BE54-9A1E7A4F7556}") = "AdministrativeServer", "AdministrativeServer\AdministrativeServer.csproj", "{289A6F4D-E88B-472F-B172-3A56EACAD1BE}"
EndProject
Project("{9A19103F-16F7-4668-BE54-9A1E7A4F7556}") = "StatisticsServerAPI", "StatisticsServerAPI\StatisticsServerAPI.csproj", "{519A7EA9-6138-46DB-8C7A-5B1AFDC48565}"
EndProject
Global
	GlobalSection(SolutionConfigurationPlatforms) = preSolution
		Debug|Any CPU = Debug|Any CPU
		Release|Any CPU = Release|Any CPU
	EndGlobalSection
	GlobalSection(ProjectConfigurationPlatforms) = postSolution
		{2BF6DDEE-F740-4F9F-85DD-623486BF1D10}.Debug|Any CPU.ActiveCfg = Debug|Any CPU
		{2BF6DDEE-F740-4F9F-85DD-623486BF1D10}.Debug|Any CPU.Build.0 = Debug|Any CPU
		{2BF6DDEE-F740-4F9F-85DD-623486BF1D10}.Release|Any CPU.ActiveCfg = Release|Any CPU
		{2BF6DDEE-F740-4F9F-85DD-623486BF1D10}.Release|Any CPU.Build.0 = Release|Any CPU
		{444B93CD-546D-4E2A-B199-C831CAE4BD49}.Debug|Any CPU.ActiveCfg = Debug|Any CPU
		{444B93CD-546D-4E2A-B199-C831CAE4BD49}.Debug|Any CPU.Build.0 = Debug|Any CPU
		{444B93CD-546D-4E2A-B199-C831CAE4BD49}.Release|Any CPU.ActiveCfg = Release|Any CPU
		{444B93CD-546D-4E2A-B199-C831CAE4BD49}.Release|Any CPU.Build.0 = Release|Any CPU
		{AB57118C-A4CB-45D1-8AA3-9309D6743F7F}.Debug|Any CPU.ActiveCfg = Debug|Any CPU
		{AB57118C-A4CB-45D1-8AA3-9309D6743F7F}.Debug|Any CPU.Build.0 = Debug|Any CPU
		{AB57118C-A4CB-45D1-8AA3-9309D6743F7F}.Release|Any CPU.ActiveCfg = Release|Any CPU
		{AB57118C-A4CB-45D1-8AA3-9309D6743F7F}.Release|Any CPU.Build.0 = Release|Any CPU
		{289A6F4D-E88B-472F-B172-3A56EACAD1BE}.Debug|Any CPU.ActiveCfg = Debug|Any CPU
		{289A6F4D-E88B-472F-B172-3A56EACAD1BE}.Debug|Any CPU.Build.0 = Debug|Any CPU
		{289A6F4D-E88B-472F-B172-3A56EACAD1BE}.Release|Any CPU.ActiveCfg = Release|Any CPU
		{289A6F4D-E88B-472F-B172-3A56EACAD1BE}.Release|Any CPU.Build.0 = Release|Any CPU
		{519A7EA9-6138-46DB-8C7A-5B1AFDC48565}.Debug|Any CPU.ActiveCfg = Debug|Any CPU
		{519A7EA9-6138-46DB-8C7A-5B1AFDC48565}.Debug|Any CPU.Build.0 = Debug|Any CPU
		{519A7EA9-6138-46DB-8C7A-5B1AFDC48565}.Release|Any CPU.ActiveCfg = Release|Any CPU
		{519A7EA9-6138-46DB-8C7A-5B1AFDC48565}.Release|Any CPU.Build.0 = Release|Any CPU
	EndGlobalSection
	GlobalSection(SolutionProperties) = preSolution
		HideSolutionNode = FALSE
	EndGlobalSection
	GlobalSection(ExtensibilityGlobals) = postSolution
		SolutionGuid = {CD73A704-9905-4148-9EBB-006C8409F44E}
	EndGlobalSection
EndGlobal
